// !$*UTF8*$!
{
	archiveVersion = 1;
	classes = {
	};
	objectVersion = 46;
	objects = {

/* Begin PBXBuildFile section */
		2447CA9C1B98D5CF0067CB67 /* main.m in Sources */ = {isa = PBXBuildFile; fileRef = 2447CA9B1B98D5CF0067CB67 /* main.m */; };
		2447CA9F1B98D5D00067CB67 /* AppDelegate.m in Sources */ = {isa = PBXBuildFile; fileRef = 2447CA9E1B98D5D00067CB67 /* AppDelegate.m */; };
		2447CAA21B98D5D00067CB67 /* ViewController.m in Sources */ = {isa = PBXBuildFile; fileRef = 2447CAA11B98D5D00067CB67 /* ViewController.m */; };
		2447CAA51B98D5D00067CB67 /* Main.storyboard in Resources */ = {isa = PBXBuildFile; fileRef = 2447CAA31B98D5D00067CB67 /* Main.storyboard */; };
		2447CAA71B98D5D00067CB67 /* Images.xcassets in Resources */ = {isa = PBXBuildFile; fileRef = 2447CAA61B98D5D00067CB67 /* Images.xcassets */; };
		2447CAAA1B98D5D00067CB67 /* LaunchScreen.xib in Resources */ = {isa = PBXBuildFile; fileRef = 2447CAA81B98D5D00067CB67 /* LaunchScreen.xib */; };
		2447CAB61B98D5D00067CB67 /* Lesson_36_UIPopoverTests.m in Sources */ = {isa = PBXBuildFile; fileRef = 2447CAB51B98D5D00067CB67 /* Lesson_36_UIPopoverTests.m */; };
/* End PBXBuildFile section */

/* Begin PBXContainerItemProxy section */
		2447CAB01B98D5D00067CB67 /* PBXContainerItemProxy */ = {
			isa = PBXContainerItemProxy;
			containerPortal = 2447CA8E1B98D5CF0067CB67 /* Project object */;
			proxyType = 1;
			remoteGlobalIDString = 2447CA951B98D5CF0067CB67;
			remoteInfo = "Lesson 36 UIPopover";
		};
/* End PBXContainerItemProxy section */

/* Begin PBXFileReference section */
		2447CA961B98D5CF0067CB67 /* Lesson 36 UIPopover.app */ = {isa = PBXFileReference; explicitFileType = wrapper.application; includeInIndex = 0; path = "Lesson 36 UIPopover.app"; sourceTree = BUILT_PRODUCTS_DIR; };
		2447CA9A1B98D5CF0067CB67 /* Info.plist */ = {isa = PBXFileReference; lastKnownFileType = text.plist.xml; path = Info.plist; sourceTree = "<group>"; };
		2447CA9B1B98D5CF0067CB67 /* main.m */ = {isa = PBXFileReference; lastKnownFileType = sourcecode.c.objc; path = main.m; sourceTree = "<group>"; };
		2447CA9D1B98D5D00067CB67 /* AppDelegate.h */ = {isa = PBXFileReference; lastKnownFileType = sourcecode.c.h; path = AppDelegate.h; sourceTree = "<group>"; };
		2447CA9E1B98D5D00067CB67 /* AppDelegate.m */ = {isa = PBXFileReference; lastKnownFileType = sourcecode.c.objc; path = AppDelegate.m; sourceTree = "<group>"; };
		2447CAA01B98D5D00067CB67 /* ViewController.h */ = {isa = PBXFileReference; lastKnownFileType = sourcecode.c.h; path = ViewController.h; sourceTree = "<group>"; };
		2447CAA11B98D5D00067CB67 /* ViewController.m */ = {isa = PBXFileReference; lastKnownFileType = sourcecode.c.objc; path = ViewController.m; sourceTree = "<group>"; };
		2447CAA41B98D5D00067CB67 /* Base */ = {isa = PBXFileReference; lastKnownFileType = file.storyboard; name = Base; path = Base.lproj/Main.storyboard; sourceTree = "<group>"; };
		2447CAA61B98D5D00067CB67 /* Images.xcassets */ = {isa = PBXFileReference; lastKnownFileType = folder.assetcatalog; path = Images.xcassets; sourceTree = "<group>"; };
		2447CAA91B98D5D00067CB67 /* Base */ = {isa = PBXFileReference; lastKnownFileType = file.xib; name = Base; path = Base.lproj/LaunchScreen.xib; sourceTree = "<group>"; };
		2447CAAF1B98D5D00067CB67 /* Lesson 36 UIPopoverTests.xctest */ = {isa = PBXFileReference; explicitFileType = wrapper.cfbundle; includeInIndex = 0; path = "Lesson 36 UIPopoverTests.xctest"; sourceTree = BUILT_PRODUCTS_DIR; };
		2447CAB41B98D5D00067CB67 /* Info.plist */ = {isa = PBXFileReference; lastKnownFileType = text.plist.xml; path = Info.plist; sourceTree = "<group>"; };
		2447CAB51B98D5D00067CB67 /* Lesson_36_UIPopoverTests.m */ = {isa = PBXFileReference; lastKnownFileType = sourcecode.c.objc; path = Lesson_36_UIPopoverTests.m; sourceTree = "<group>"; };
/* End PBXFileReference section */

/* Begin PBXFrameworksBuildPhase section */
		2447CA931B98D5CF0067CB67 /* Frameworks */ = {
			isa = PBXFrameworksBuildPhase;
			buildActionMask = 2147483647;
			files = (
			);
			runOnlyForDeploymentPostprocessing = 0;
		};
		2447CAAC1B98D5D00067CB67 /* Frameworks */ = {
			isa = PBXFrameworksBuildPhase;
			buildActionMask = 2147483647;
			files = (
			);
			runOnlyForDeploymentPostprocessing = 0;
		};
/* End PBXFrameworksBuildPhase section */

/* Begin PBXGroup section */
		2447CA8D1B98D5CF0067CB67 = {
			isa = PBXGroup;
			children = (
				2447CA981B98D5CF0067CB67 /* Lesson 36 UIPopover */,
				2447CAB21B98D5D00067CB67 /* Lesson 36 UIPopoverTests */,
				2447CA971B98D5CF0067CB67 /* Products */,
			);
			sourceTree = "<group>";
		};
		2447CA971B98D5CF0067CB67 /* Products */ = {
			isa = PBXGroup;
			children = (
				2447CA961B98D5CF0067CB67 /* Lesson 36 UIPopover.app */,
				2447CAAF1B98D5D00067CB67 /* Lesson 36 UIPopoverTests.xctest */,
			);
			name = Products;
			sourceTree = "<group>";
		};
		2447CA981B98D5CF0067CB67 /* Lesson 36 UIPopover */ = {
			isa = PBXGroup;
			children = (
				2447CA9D1B98D5D00067CB67 /* AppDelegate.h */,
				2447CA9E1B98D5D00067CB67 /* AppDelegate.m */,
				2447CAA01B98D5D00067CB67 /* ViewController.h */,
				2447CAA11B98D5D00067CB67 /* ViewController.m */,
				2447CAA31B98D5D00067CB67 /* Main.storyboard */,
				2447CAA61B98D5D00067CB67 /* Images.xcassets */,
				2447CAA81B98D5D00067CB67 /* LaunchScreen.xib */,
				2447CA991B98D5CF0067CB67 /* Supporting Files */,
			);
			path = "Lesson 36 UIPopover";
			sourceTree = "<group>";
		};
		2447CA991B98D5CF0067CB67 /* Supporting Files */ = {
			isa = PBXGroup;
			children = (
				2447CA9A1B98D5CF0067CB67 /* Info.plist */,
				2447CA9B1B98D5CF0067CB67 /* main.m */,
			);
			name = "Supporting Files";
			sourceTree = "<group>";
		};
		2447CAB21B98D5D00067CB67 /* Lesson 36 UIPopoverTests */ = {
			isa = PBXGroup;
			children = (
				2447CAB51B98D5D00067CB67 /* Lesson_36_UIPopoverTests.m */,
				2447CAB31B98D5D00067CB67 /* Supporting Files */,
			);
			path = "Lesson 36 UIPopoverTests";
			sourceTree = "<group>";
		};
		2447CAB31B98D5D00067CB67 /* Supporting Files */ = {
			isa = PBXGroup;
			children = (
				2447CAB41B98D5D00067CB67 /* Info.plist */,
			);
			name = "Supporting Files";
			sourceTree = "<group>";
		};
/* End PBXGroup section */

/* Begin PBXNativeTarget section */
		2447CA951B98D5CF0067CB67 /* Lesson 36 UIPopover */ = {
			isa = PBXNativeTarget;
			buildConfigurationList = 2447CAB91B98D5D00067CB67 /* Build configuration list for PBXNativeTarget "Lesson 36 UIPopover" */;
			buildPhases = (
				2447CA921B98D5CF0067CB67 /* Sources */,
				2447CA931B98D5CF0067CB67 /* Frameworks */,
				2447CA941B98D5CF0067CB67 /* Resources */,
			);
			buildRules = (
			);
			dependencies = (
			);
			name = "Lesson 36 UIPopover";
			productName = "Lesson 36 UIPopover";
			productReference = 2447CA961B98D5CF0067CB67 /* Lesson 36 UIPopover.app */;
			productType = "com.apple.product-type.application";
		};
		2447CAAE1B98D5D00067CB67 /* Lesson 36 UIPopoverTests */ = {
			isa = PBXNativeTarget;
			buildConfigurationList = 2447CABC1B98D5D00067CB67 /* Build configuration list for PBXNativeTarget "Lesson 36 UIPopoverTests" */;
			buildPhases = (
				2447CAAB1B98D5D00067CB67 /* Sources */,
				2447CAAC1B98D5D00067CB67 /* Frameworks */,
				2447CAAD1B98D5D00067CB67 /* Resources */,
			);
			buildRules = (
			);
			dependencies = (
				2447CAB11B98D5D00067CB67 /* PBXTargetDependency */,
			);
			name = "Lesson 36 UIPopoverTests";
			productName = "Lesson 36 UIPopoverTests";
			productReference = 2447CAAF1B98D5D00067CB67 /* Lesson 36 UIPopoverTests.xctest */;
			productType = "com.apple.product-type.bundle.unit-test";
		};
/* End PBXNativeTarget section */

/* Begin PBXProject section */
		2447CA8E1B98D5CF0067CB67 /* Project object */ = {
			isa = PBXProject;
			attributes = {
				LastUpgradeCheck = 0630;
				ORGANIZATIONNAME = Nik;
				TargetAttributes = {
					2447CA951B98D5CF0067CB67 = {
						CreatedOnToolsVersion = 6.3.2;
					};
					2447CAAE1B98D5D00067CB67 = {
						CreatedOnToolsVersion = 6.3.2;
						TestTargetID = 2447CA951B98D5CF0067CB67;
					};
				};
			};
			buildConfigurationList = 2447CA911B98D5CF0067CB67 /* Build configuration list for PBXProject "Lesson 36 UIPopover" */;
			compatibilityVersion = "Xcode 3.2";
			developmentRegion = English;
			hasScannedForEncodings = 0;
			knownRegions = (
				en,
				Base,
			);
			mainGroup = 2447CA8D1B98D5CF0067CB67;
			productRefGroup = 2447CA971B98D5CF0067CB67 /* Products */;
			projectDirPath = "";
			projectRoot = "";
			targets = (
				2447CA951B98D5CF0067CB67 /* Lesson 36 UIPopover */,
				2447CAAE1B98D5D00067CB67 /* Lesson 36 UIPopoverTests */,
			);
		};
/* End PBXProject section */

/* Begin PBXResourcesBuildPhase section */
		2447CA941B98D5CF0067CB67 /* Resources */ = {
			isa = PBXResourcesBuildPhase;
			buildActionMask = 2147483647;
			files = (
				2447CAA51B98D5D00067CB67 /* Main.storyboard in Resources */,
				2447CAAA1B98D5D00067CB67 /* LaunchScreen.xib in Resources */,
				2447CAA71B98D5D00067CB67 /* Images.xcassets in Resources */,
			);
			runOnlyForDeploymentPostprocessing = 0;
		};
		2447CAAD1B98D5D00067CB67 /* Resources */ = {
			isa = PBXResourcesBuildPhase;
			buildActionMask = 2147483647;
			files = (
			);
			runOnlyForDeploymentPostprocessing = 0;
		};
/* End PBXResourcesBuildPhase section */

/* Begin PBXSourcesBuildPhase section */
		2447CA921B98D5CF0067CB67 /* Sources */ = {
			isa = PBXSourcesBuildPhase;
			buildActionMask = 2147483647;
			files = (
				2447CAA21B98D5D00067CB67 /* ViewController.m in Sources */,
				2447CA9F1B98D5D00067CB67 /* AppDelegate.m in Sources */,
				2447CA9C1B98D5CF0067CB67 /* main.m in Sources */,
			);
			runOnlyForDeploymentPostprocessing = 0;
		};
		2447CAAB1B98D5D00067CB67 /* Sources */ = {
			isa = PBXSourcesBuildPhase;
			buildActionMask = 2147483647;
			files = (
				2447CAB61B98D5D00067CB67 /* Lesson_36_UIPopoverTests.m in Sources */,
			);
			runOnlyForDeploymentPostprocessing = 0;
		};
/* End PBXSourcesBuildPhase section */

/* Begin PBXTargetDependency section */
		2447CAB11B98D5D00067CB67 /* PBXTargetDependency */ = {
			isa = PBXTargetDependency;
			target = 2447CA951B98D5CF0067CB67 /* Lesson 36 UIPopover */;
			targetProxy = 2447CAB01B98D5D00067CB67 /* PBXContainerItemProxy */;
		};
/* End PBXTargetDependency section */

/* Begin PBXVariantGroup section */
		2447CAA31B98D5D00067CB67 /* Main.storyboard */ = {
			isa = PBXVariantGroup;
			children = (
				2447CAA41B98D5D00067CB67 /* Base */,
			);
			name = Main.storyboard;
			sourceTree = "<group>";
		};
		2447CAA81B98D5D00067CB67 /* LaunchScreen.xib */ = {
			isa = PBXVariantGroup;
			children = (
				2447CAA91B98D5D00067CB67 /* Base */,
			);
			name = LaunchScreen.xib;
			sourceTree = "<group>";
		};
/* End PBXVariantGroup section */

/* Begin XCBuildConfiguration section */
		2447CAB71B98D5D00067CB67 /* Debug */ = {
			isa = XCBuildConfiguration;
			buildSettings = {
				ALWAYS_SEARCH_USER_PATHS = NO;
				CLANG_CXX_LANGUAGE_STANDARD = "gnu++0x";
				CLANG_CXX_LIBRARY = "libc++";
				CLANG_ENABLE_MODULES = YES;
				CLANG_ENABLE_OBJC_ARC = YES;
				CLANG_WARN_BOOL_CONVERSION = YES;
				CLANG_WARN_CONSTANT_CONVERSION = YES;
				CLANG_WARN_DIRECT_OBJC_ISA_USAGE = YES_ERROR;
				CLANG_WARN_EMPTY_BODY = YES;
				CLANG_WARN_ENUM_CONVERSION = YES;
				CLANG_WARN_INT_CONVERSION = YES;
				CLANG_WARN_OBJC_ROOT_CLASS = YES_ERROR;
				CLANG_WARN_UNREACHABLE_CODE = YES;
				CLANG_WARN__DUPLICATE_METHOD_MATCH = YES;
				"CODE_SIGN_IDENTITY[sdk=iphoneos*]" = "iPhone Developer";
				COPY_PHASE_STRIP = NO;
				DEBUG_INFORMATION_FORMAT = "dwarf-with-dsym";
				ENABLE_STRICT_OBJC_MSGSEND = YES;
				GCC_C_LANGUAGE_STANDARD = gnu99;
				GCC_DYNAMIC_NO_PIC = NO;
				GCC_NO_COMMON_BLOCKS = YES;
				GCC_OPTIMIZATION_LEVEL = 0;
				GCC_PREPROCESSOR_DEFINITIONS = (
					"DEBUG=1",
					"$(inherited)",
				);
				GCC_SYMBOLS_PRIVATE_EXTERN = NO;
				GCC_WARN_64_TO_32_BIT_CONVERSION = YES;
				GCC_WARN_ABOUT_RETURN_TYPE = YES_ERROR;
				GCC_WARN_UNDECLARED_SELECTOR = YES;
				GCC_WARN_UNINITIALIZED_AUTOS = YES_AGGRESSIVE;
				GCC_WARN_UNUSED_FUNCTION = YES;
				GCC_WARN_UNUSED_VARIABLE = YES;
				IPHONEOS_DEPLOYMENT_TARGET = 8.3;
				MTL_ENABLE_DEBUG_INFO = YES;
				ONLY_ACTIVE_ARCH = YES;
				SDKROOT = iphoneos;
				TARGETED_DEVICE_FAMILY = "1,2";
			};
			name = Debug;
		};
		2447CAB81B98D5D00067CB67 /* Release */ = {
			isa = XCBuildConfiguration;
			buildSettings = {
				ALWAYS_SEARCH_USER_PATHS = NO;
				CLANG_CXX_LANGUAGE_STANDARD = "gnu++0x";
				CLANG_CXX_LIBRARY = "libc++";
				CLANG_ENABLE_MODULES = YES;
				CLANG_ENABLE_OBJC_ARC = YES;
				CLANG_WARN_BOOL_CONVERSION = YES;
				CLANG_WARN_CONSTANT_CONVERSION = YES;
				CLANG_WARN_DIRECT_OBJC_ISA_USAGE = YES_ERROR;
				CLANG_WARN_EMPTY_BODY = YES;
				CLANG_WARN_ENUM_CONVERSION = YES;
				CLANG_WARN_INT_CONVERSION = YES;
				CLANG_WARN_OBJC_ROOT_CLASS = YES_ERROR;
				CLANG_WARN_UNREACHABLE_CODE = YES;
				CLANG_WARN__DUPLICATE_METHOD_MATCH = YES;
				"CODE_SIGN_IDENTITY[sdk=iphoneos*]" = "iPhone Developer";
				COPY_PHASE_STRIP = NO;
				DEBUG_INFORMATION_FORMAT = "dwarf-with-dsym";
				ENABLE_NS_ASSERTIONS = NO;
				ENABLE_STRICT_OBJC_MSGSEND = YES;
				GCC_C_LANGUAGE_STANDARD = gnu99;
				GCC_NO_COMMON_BLOCKS = YES;
				GCC_WARN_64_TO_32_BIT_CONVERSION = YES;
				GCC_WARN_ABOUT_RETURN_TYPE = YES_ERROR;
				GCC_WARN_UNDECLARED_SELECTOR = YES;
				GCC_WARN_UNINITIALIZED_AUTOS = YES_AGGRESSIVE;
				GCC_WARN_UNUSED_FUNCTION = YES;
				GCC_WARN_UNUSED_VARIABLE = YES;
				IPHONEOS_DEPLOYMENT_TARGET = 8.3;
				MTL_ENABLE_DEBUG_INFO = NO;
				SDKROOT = iphoneos;
				TARGETED_DEVICE_FAMILY = "1,2";
				VALIDATE_PRODUCT = YES;
			};
			name = Release;
		};
		2447CABA1B98D5D00067CB67 /* Debug */ = {
			isa = XCBuildConfiguration;
			buildSettings = {
				ASSETCATALOG_COMPILER_APPICON_NAME = AppIcon;
				INFOPLIST_FILE = "Lesson 36 UIPopover/Info.plist";
				LD_RUNPATH_SEARCH_PATHS = "$(inherited) @executable_path/Frameworks";
				PRODUCT_NAME = "$(TARGET_NAME)";
			};
			name = Debug;
		};
		2447CABB1B98D5D00067CB67 /* Release */ = {
			isa = XCBuildConfiguration;
			buildSettings = {
				ASSETCATALOG_COMPILER_APPICON_NAME = AppIcon;
				INFOPLIST_FILE = "Lesson 36 UIPopover/Info.plist";
				LD_RUNPATH_SEARCH_PATHS = "$(inherited) @executable_path/Frameworks";
				PRODUCT_NAME = "$(TARGET_NAME)";
			};
			name = Release;
		};
		2447CABD1B98D5D00067CB67 /* Debug */ = {
			isa = XCBuildConfiguration;
			buildSettings = {
				BUNDLE_LOADER = "$(TEST_HOST)";
				FRAMEWORK_SEARCH_PATHS = (
					"$(SDKROOT)/Developer/Library/Frameworks",
					"$(inherited)",
				);
				GCC_PREPROCESSOR_DEFINITIONS = (
					"DEBUG=1",
					"$(inherited)",
				);
				INFOPLIST_FILE = "Lesson 36 UIPopoverTests/Info.plist";
				LD_RUNPATH_SEARCH_PATHS = "$(inherited) @executable_path/Frameworks @loader_path/Frameworks";
				PRODUCT_NAME = "$(TARGET_NAME)";
				TEST_HOST = "$(BUILT_PRODUCTS_DIR)/Lesson 36 UIPopover.app/Lesson 36 UIPopover";
			};
			name = Debug;
		};
		2447CABE1B98D5D00067CB67 /* Release */ = {
			isa = XCBuildConfiguration;
			buildSettings = {
				BUNDLE_LOADER = "$(TEST_HOST)";
				FRAMEWORK_SEARCH_PATHS = (
					"$(SDKROOT)/Developer/Library/Frameworks",
					"$(inherited)",
				);
				INFOPLIST_FILE = "Lesson 36 UIPopoverTests/Info.plist";
				LD_RUNPATH_SEARCH_PATHS = "$(inherited) @executable_path/Frameworks @loader_path/Frameworks";
				PRODUCT_NAME = "$(TARGET_NAME)";
				TEST_HOST = "$(BUILT_PRODUCTS_DIR)/Lesson 36 UIPopover.app/Lesson 36 UIPopover";
			};
			name = Release;
		};
/* End XCBuildConfiguration section */

/* Begin XCConfigurationList section */
		2447CA911B98D5CF0067CB67 /* Build configuration list for PBXProject "Lesson 36 UIPopover" */ = {
			isa = XCConfigurationList;
			buildConfigurations = (
				2447CAB71B98D5D00067CB67 /* Debug */,
				2447CAB81B98D5D00067CB67 /* Release */,
			);
			defaultConfigurationIsVisible = 0;
			defaultConfigurationName = Release;
		};
		2447CAB91B98D5D00067CB67 /* Build configuration list for PBXNativeTarget "Lesson 36 UIPopover" */ = {
			isa = XCConfigurationList;
			buildConfigurations = (
				2447CABA1B98D5D00067CB67 /* Debug */,
				2447CABB1B98D5D00067CB67 /* Release */,
			);
			defaultConfigurationIsVisible = 0;
		};
		2447CABC1B98D5D00067CB67 /* Build configuration list for PBXNativeTarget "Lesson 36 UIPopoverTests" */ = {
			isa = XCConfigurationList;
			buildConfigurations = (
				2447CABD1B98D5D00067CB67 /* Debug */,
				2447CABE1B98D5D00067CB67 /* Release */,
			);
			defaultConfigurationIsVisible = 0;
		};
/* End XCConfigurationList section */
	};
	rootObject = 2447CA8E1B98D5CF0067CB67 /* Project object */;
}
